
Microsoft Visual Studio Solution File, Format Version 12.00
# Visual Studio Version 17
VisualStudioVersion = 17.4.33110.190
MinimumVisualStudioVersion = 10.0.40219.1
Project("{FAE04EC0-301F-11D3-BF4B-00C04F79EFBC}") = "ASP.NET - Layout", "ASP.NET - Layout\ASP.NET - Layout.csproj", "{781689F9-F34B-45BB-864F-EC656213EF7A}"
EndProject
Global
	GlobalSection(SolutionConfigurationPlatforms) = preSolution
		Debug|Any CPU = Debug|Any CPU
		Release|Any CPU = Release|Any CPU
	EndGlobalSection
	GlobalSection(ProjectConfigurationPlatforms) = postSolution
		{781689F9-F34B-45BB-864F-EC656213EF7A}.Debug|Any CPU.ActiveCfg = Debug|Any CPU
		{781689F9-F34B-45BB-864F-EC656213EF7A}.Debug|Any CPU.Build.0 = Debug|Any CPU
		{781689F9-F34B-45BB-864F-EC656213EF7A}.Release|Any CPU.ActiveCfg = Release|Any CPU
		{781689F9-F34B-45BB-864F-EC656213EF7A}.Release|Any CPU.Build.0 = Release|Any CPU
	EndGlobalSection
	GlobalSection(SolutionProperties) = preSolution
		HideSolutionNode = FALSE
	EndGlobalSection
	GlobalSection(ExtensibilityGlobals) = postSolution
		SolutionGuid = {323B6D15-30AA-4C3B-A067-F9251C2AEC09}
	EndGlobalSection
EndGlobal
